// !$*UTF8*$!
{
	archiveVersion = 1;
	classes = {
	};
	objectVersion = 51;
	objects = {

/* Begin PBXBuildFile section */
		356B9347BECAE6858E8CC651 /* Pods_UberApp.framework in Frameworks */ = {isa = PBXBuildFile; fileRef = B4B12D7516962651B4B74C16 /* Pods_UberApp.framework */; };
		6A06F55F24317938008C40FB /* Extensions.swift in Sources */ = {isa = PBXBuildFile; fileRef = 6A06F55E24317938008C40FB /* Extensions.swift */; };
		6A06F5612431FA99008C40FB /* SignUpController.swift in Sources */ = {isa = PBXBuildFile; fileRef = 6A06F5602431FA99008C40FB /* SignUpController.swift */; };
		6A7968542430DAC10066CE57 /* AppDelegate.swift in Sources */ = {isa = PBXBuildFile; fileRef = 6A7968532430DAC10066CE57 /* AppDelegate.swift */; };
		6A79685B2430DAC10066CE57 /* Main.storyboard in Resources */ = {isa = PBXBuildFile; fileRef = 6A7968592430DAC10066CE57 /* Main.storyboard */; };
		6A79685D2430DAC50066CE57 /* Assets.xcassets in Resources */ = {isa = PBXBuildFile; fileRef = 6A79685C2430DAC50066CE57 /* Assets.xcassets */; };
		6A7968602430DAC50066CE57 /* LaunchScreen.storyboard in Resources */ = {isa = PBXBuildFile; fileRef = 6A79685E2430DAC50066CE57 /* LaunchScreen.storyboard */; };
		6A79686C2430DC090066CE57 /* LoginController.swift in Sources */ = {isa = PBXBuildFile; fileRef = 6A79686B2430DC090066CE57 /* LoginController.swift */; };
		6A9B3F89243403CF00F804F9 /* LocationInputActivationView.swift in Sources */ = {isa = PBXBuildFile; fileRef = 6A9B3F88243403CF00F804F9 /* LocationInputActivationView.swift */; };
		6A9B3F8B243418DB00F804F9 /* LocationInputView.swift in Sources */ = {isa = PBXBuildFile; fileRef = 6A9B3F8A243418DB00F804F9 /* LocationInputView.swift */; };
		6AED4D1A2432F60B00CDA633 /* AuthButton.swift in Sources */ = {isa = PBXBuildFile; fileRef = 6AED4D192432F60B00CDA633 /* AuthButton.swift */; };
		6AED4D1C2432FE3B00CDA633 /* GoogleService-Info.plist in Resources */ = {isa = PBXBuildFile; fileRef = 6AED4D1B2432FE3B00CDA633 /* GoogleService-Info.plist */; };
		6AED4D1E2433291700CDA633 /* HomeController.swift in Sources */ = {isa = PBXBuildFile; fileRef = 6AED4D1D2433291700CDA633 /* HomeController.swift */; };
/* End PBXBuildFile section */

/* Begin PBXFileReference section */
		6A06F55E24317938008C40FB /* Extensions.swift */ = {isa = PBXFileReference; lastKnownFileType = sourcecode.swift; path = Extensions.swift; sourceTree = "<group>"; };
		6A06F5602431FA99008C40FB /* SignUpController.swift */ = {isa = PBXFileReference; lastKnownFileType = sourcecode.swift; path = SignUpController.swift; sourceTree = "<group>"; };
		6A7968502430DAC10066CE57 /* UberApp.app */ = {isa = PBXFileReference; explicitFileType = wrapper.application; includeInIndex = 0; path = UberApp.app; sourceTree = BUILT_PRODUCTS_DIR; };
		6A7968532430DAC10066CE57 /* AppDelegate.swift */ = {isa = PBXFileReference; lastKnownFileType = sourcecode.swift; path = AppDelegate.swift; sourceTree = "<group>"; };
		6A79685A2430DAC10066CE57 /* Base */ = {isa = PBXFileReference; lastKnownFileType = file.storyboard; name = Base; path = Base.lproj/Main.storyboard; sourceTree = "<group>"; };
		6A79685C2430DAC50066CE57 /* Assets.xcassets */ = {isa = PBXFileReference; lastKnownFileType = folder.assetcatalog; path = Assets.xcassets; sourceTree = "<group>"; };
		6A79685F2430DAC50066CE57 /* Base */ = {isa = PBXFileReference; lastKnownFileType = file.storyboard; name = Base; path = Base.lproj/LaunchScreen.storyboard; sourceTree = "<group>"; };
		6A7968612430DAC50066CE57 /* Info.plist */ = {isa = PBXFileReference; lastKnownFileType = text.plist.xml; path = Info.plist; sourceTree = "<group>"; };
		6A79686B2430DC090066CE57 /* LoginController.swift */ = {isa = PBXFileReference; lastKnownFileType = sourcecode.swift; path = LoginController.swift; sourceTree = "<group>"; };
		6A9B3F88243403CF00F804F9 /* LocationInputActivationView.swift */ = {isa = PBXFileReference; lastKnownFileType = sourcecode.swift; path = LocationInputActivationView.swift; sourceTree = "<group>"; };
		6A9B3F8A243418DB00F804F9 /* LocationInputView.swift */ = {isa = PBXFileReference; lastKnownFileType = sourcecode.swift; path = LocationInputView.swift; sourceTree = "<group>"; };
		6AED4D192432F60B00CDA633 /* AuthButton.swift */ = {isa = PBXFileReference; lastKnownFileType = sourcecode.swift; path = AuthButton.swift; sourceTree = "<group>"; };
		6AED4D1B2432FE3B00CDA633 /* GoogleService-Info.plist */ = {isa = PBXFileReference; fileEncoding = 4; lastKnownFileType = text.plist.xml; path = "GoogleService-Info.plist"; sourceTree = "<group>"; };
		6AED4D1D2433291700CDA633 /* HomeController.swift */ = {isa = PBXFileReference; lastKnownFileType = sourcecode.swift; path = HomeController.swift; sourceTree = "<group>"; };
		73A14ACCBB02AB4D1CD1454D /* Pods-UberApp.debug.xcconfig */ = {isa = PBXFileReference; includeInIndex = 1; lastKnownFileType = text.xcconfig; name = "Pods-UberApp.debug.xcconfig"; path = "Target Support Files/Pods-UberApp/Pods-UberApp.debug.xcconfig"; sourceTree = "<group>"; };
		8DC960F887539589AA75A105 /* Pods-UberApp.release.xcconfig */ = {isa = PBXFileReference; includeInIndex = 1; lastKnownFileType = text.xcconfig; name = "Pods-UberApp.release.xcconfig"; path = "Target Support Files/Pods-UberApp/Pods-UberApp.release.xcconfig"; sourceTree = "<group>"; };
		B4B12D7516962651B4B74C16 /* Pods_UberApp.framework */ = {isa = PBXFileReference; explicitFileType = wrapper.framework; includeInIndex = 0; path = Pods_UberApp.framework; sourceTree = BUILT_PRODUCTS_DIR; };
/* End PBXFileReference section */

/* Begin PBXFrameworksBuildPhase section */
		6A79684D2430DAC10066CE57 /* Frameworks */ = {
			isa = PBXFrameworksBuildPhase;
			buildActionMask = 2147483647;
			files = (
				356B9347BECAE6858E8CC651 /* Pods_UberApp.framework in Frameworks */,
			);
			runOnlyForDeploymentPostprocessing = 0;
		};
/* End PBXFrameworksBuildPhase section */

/* Begin PBXGroup section */
		38D28E541DFC34D39AA63D4B /* Pods */ = {
			isa = PBXGroup;
			children = (
				73A14ACCBB02AB4D1CD1454D /* Pods-UberApp.debug.xcconfig */,
				8DC960F887539589AA75A105 /* Pods-UberApp.release.xcconfig */,
			);
			path = Pods;
			sourceTree = "<group>";
		};
		6A7968472430DAC00066CE57 = {
			isa = PBXGroup;
			children = (
				6A7968522430DAC10066CE57 /* UberApp */,
				6A7968512430DAC10066CE57 /* Products */,
				38D28E541DFC34D39AA63D4B /* Pods */,
				879227B93B6FE6FD23163E85 /* Frameworks */,
			);
			sourceTree = "<group>";
		};
		6A7968512430DAC10066CE57 /* Products */ = {
			isa = PBXGroup;
			children = (
				6A7968502430DAC10066CE57 /* UberApp.app */,
			);
			name = Products;
			sourceTree = "<group>";
		};
		6A7968522430DAC10066CE57 /* UberApp */ = {
			isa = PBXGroup;
			children = (
				6A7968682430DAD60066CE57 /* Views */,
				6A7968672430DAD20066CE57 /* Models */,
				6A7968692430DADC0066CE57 /* Controllers */,
				6A7968532430DAC10066CE57 /* AppDelegate.swift */,
				6A79685C2430DAC50066CE57 /* Assets.xcassets */,
				6AED4D1B2432FE3B00CDA633 /* GoogleService-Info.plist */,
				6A7968612430DAC50066CE57 /* Info.plist */,
				6A79685E2430DAC50066CE57 /* LaunchScreen.storyboard */,
				6A7968592430DAC10066CE57 /* Main.storyboard */,
				6A79686A2430DAE00066CE57 /* Utils */,
			);
			path = UberApp;
			sourceTree = "<group>";
		};
		6A7968672430DAD20066CE57 /* Models */ = {
			isa = PBXGroup;
			children = (
			);
			path = Models;
			sourceTree = "<group>";
		};
		6A7968682430DAD60066CE57 /* Views */ = {
			isa = PBXGroup;
			children = (
				6AED4D192432F60B00CDA633 /* AuthButton.swift */,
				6A9B3F88243403CF00F804F9 /* LocationInputActivationView.swift */,
				6A9B3F8A243418DB00F804F9 /* LocationInputView.swift */,
			);
			path = Views;
			sourceTree = "<group>";
		};
		6A7968692430DADC0066CE57 /* Controllers */ = {
			isa = PBXGroup;
			children = (
				6A79686B2430DC090066CE57 /* LoginController.swift */,
				6A06F5602431FA99008C40FB /* SignUpController.swift */,
				6AED4D1D2433291700CDA633 /* HomeController.swift */,
			);
			path = Controllers;
			sourceTree = "<group>";
		};
		6A79686A2430DAE00066CE57 /* Utils */ = {
			isa = PBXGroup;
			children = (
				6A06F55E24317938008C40FB /* Extensions.swift */,
			);
			path = Utils;
			sourceTree = "<group>";
		};
		879227B93B6FE6FD23163E85 /* Frameworks */ = {
			isa = PBXGroup;
			children = (
				B4B12D7516962651B4B74C16 /* Pods_UberApp.framework */,
			);
			name = Frameworks;
			sourceTree = "<group>";
		};
/* End PBXGroup section */

/* Begin PBXNativeTarget section */
		6A79684F2430DAC10066CE57 /* UberApp */ = {
			isa = PBXNativeTarget;
			buildConfigurationList = 6A7968642430DAC50066CE57 /* Build configuration list for PBXNativeTarget "UberApp" */;
			buildPhases = (
				07D51F433A92DF9657625A2B /* [CP] Check Pods Manifest.lock */,
				6A79684C2430DAC10066CE57 /* Sources */,
				6A79684D2430DAC10066CE57 /* Frameworks */,
				6A79684E2430DAC10066CE57 /* Resources */,
				37ED01678CE42762D937235F /* [CP] Embed Pods Frameworks */,
			);
			buildRules = (
			);
			dependencies = (
			);
			name = UberApp;
			productName = UberApp;
			productReference = 6A7968502430DAC10066CE57 /* UberApp.app */;
			productType = "com.apple.product-type.application";
		};
/* End PBXNativeTarget section */

/* Begin PBXProject section */
		6A7968482430DAC00066CE57 /* Project object */ = {
			isa = PBXProject;
			attributes = {
				LastSwiftUpdateCheck = 1140;
				LastUpgradeCheck = 1140;
				ORGANIZATIONNAME = "iOS Developer";
				TargetAttributes = {
					6A79684F2430DAC10066CE57 = {
						CreatedOnToolsVersion = 11.4;
					};
				};
			};
			buildConfigurationList = 6A79684B2430DAC00066CE57 /* Build configuration list for PBXProject "UberApp" */;
			compatibilityVersion = "Xcode 9.3";
			developmentRegion = en;
			hasScannedForEncodings = 0;
			knownRegions = (
				en,
				Base,
			);
			mainGroup = 6A7968472430DAC00066CE57;
			productRefGroup = 6A7968512430DAC10066CE57 /* Products */;
			projectDirPath = "";
			projectRoot = "";
			targets = (
				6A79684F2430DAC10066CE57 /* UberApp */,
			);
		};
/* End PBXProject section */

/* Begin PBXResourcesBuildPhase section */
		6A79684E2430DAC10066CE57 /* Resources */ = {
			isa = PBXResourcesBuildPhase;
			buildActionMask = 2147483647;
			files = (
				6A7968602430DAC50066CE57 /* LaunchScreen.storyboard in Resources */,
				6AED4D1C2432FE3B00CDA633 /* GoogleService-Info.plist in Resources */,
				6A79685D2430DAC50066CE57 /* Assets.xcassets in Resources */,
				6A79685B2430DAC10066CE57 /* Main.storyboard in Resources */,
			);
			runOnlyForDeploymentPostprocessing = 0;
		};
/* End PBXResourcesBuildPhase section */

/* Begin PBXShellScriptBuildPhase section */
		07D51F433A92DF9657625A2B /* [CP] Check Pods Manifest.lock */ = {
			isa = PBXShellScriptBuildPhase;
			buildActionMask = 2147483647;
			files = (
			);
			inputFileListPaths = (
			);
			inputPaths = (
				"${PODS_PODFILE_DIR_PATH}/Podfile.lock",
				"${PODS_ROOT}/Manifest.lock",
			);
			name = "[CP] Check Pods Manifest.lock";
			outputFileListPaths = (
			);
			outputPaths = (
				"$(DERIVED_FILE_DIR)/Pods-UberApp-checkManifestLockResult.txt",
			);
			runOnlyForDeploymentPostprocessing = 0;
			shellPath = /bin/sh;
			shellScript = "diff \"${PODS_PODFILE_DIR_PATH}/Podfile.lock\" \"${PODS_ROOT}/Manifest.lock\" > /dev/null\nif [ $? != 0 ] ; then\n    # print error to STDERR\n    echo \"error: The sandbox is not in sync with the Podfile.lock. Run 'pod install' or update your CocoaPods installation.\" >&2\n    exit 1\nfi\n# This output is used by Xcode 'outputs' to avoid re-running this script phase.\necho \"SUCCESS\" > \"${SCRIPT_OUTPUT_FILE_0}\"\n";
			showEnvVarsInLog = 0;
		};
		37ED01678CE42762D937235F /* [CP] Embed Pods Frameworks */ = {
			isa = PBXShellScriptBuildPhase;
			buildActionMask = 2147483647;
			files = (
			);
			inputFileListPaths = (
				"${PODS_ROOT}/Target Support Files/Pods-UberApp/Pods-UberApp-frameworks-${CONFIGURATION}-input-files.xcfilelist",
			);
			name = "[CP] Embed Pods Frameworks";
			outputFileListPaths = (
				"${PODS_ROOT}/Target Support Files/Pods-UberApp/Pods-UberApp-frameworks-${CONFIGURATION}-output-files.xcfilelist",
			);
			runOnlyForDeploymentPostprocessing = 0;
			shellPath = /bin/sh;
			shellScript = "\"${PODS_ROOT}/Target Support Files/Pods-UberApp/Pods-UberApp-frameworks.sh\"\n";
			showEnvVarsInLog = 0;
		};
/* End PBXShellScriptBuildPhase section */

/* Begin PBXSourcesBuildPhase section */
		6A79684C2430DAC10066CE57 /* Sources */ = {
			isa = PBXSourcesBuildPhase;
			buildActionMask = 2147483647;
			files = (
				6A7968542430DAC10066CE57 /* AppDelegate.swift in Sources */,
				6AED4D1A2432F60B00CDA633 /* AuthButton.swift in Sources */,
				6AED4D1E2433291700CDA633 /* HomeController.swift in Sources */,
				6A06F55F24317938008C40FB /* Extensions.swift in Sources */,
				6A79686C2430DC090066CE57 /* LoginController.swift in Sources */,
				6A9B3F89243403CF00F804F9 /* LocationInputActivationView.swift in Sources */,
				6A9B3F8B243418DB00F804F9 /* LocationInputView.swift in Sources */,
				6A06F5612431FA99008C40FB /* SignUpController.swift in Sources */,
			);
			runOnlyForDeploymentPostprocessing = 0;
		};
/* End PBXSourcesBuildPhase section */

/* Begin PBXVariantGroup section */
		6A7968592430DAC10066CE57 /* Main.storyboard */ = {
			isa = PBXVariantGroup;
			children = (
				6A79685A2430DAC10066CE57 /* Base */,
			);
			name = Main.storyboard;
			sourceTree = "<group>";
		};
		6A79685E2430DAC50066CE57 /* LaunchScreen.storyboard */ = {
			isa = PBXVariantGroup;
			children = (
				6A79685F2430DAC50066CE57 /* Base */,
			);
			name = LaunchScreen.storyboard;
			sourceTree = "<group>";
		};
/* End PBXVariantGroup section */

/* Begin XCBuildConfiguration section */
		6A7968622430DAC50066CE57 /* Debug */ = {
			isa = XCBuildConfiguration;
			buildSettings = {
				ALWAYS_SEARCH_USER_PATHS = NO;
				CLANG_ANALYZER_NONNULL = YES;
				CLANG_ANALYZER_NUMBER_OBJECT_CONVERSION = YES_AGGRESSIVE;
				CLANG_CXX_LANGUAGE_STANDARD = "gnu++14";
				CLANG_CXX_LIBRARY = "libc++";
				CLANG_ENABLE_MODULES = YES;
				CLANG_ENABLE_OBJC_ARC = YES;
				CLANG_ENABLE_OBJC_WEAK = YES;
				CLANG_WARN_BLOCK_CAPTURE_AUTORELEASING = YES;
				CLANG_WARN_BOOL_CONVERSION = YES;
				CLANG_WARN_COMMA = YES;
				CLANG_WARN_CONSTANT_CONVERSION = YES;
				CLANG_WARN_DEPRECATED_OBJC_IMPLEMENTATIONS = YES;
				CLANG_WARN_DIRECT_OBJC_ISA_USAGE = YES_ERROR;
				CLANG_WARN_DOCUMENTATION_COMMENTS = YES;
				CLANG_WARN_EMPTY_BODY = YES;
				CLANG_WARN_ENUM_CONVERSION = YES;
				CLANG_WARN_INFINITE_RECURSION = YES;
				CLANG_WARN_INT_CONVERSION = YES;
				CLANG_WARN_NON_LITERAL_NULL_CONVERSION = YES;
				CLANG_WARN_OBJC_IMPLICIT_RETAIN_SELF = YES;
				CLANG_WARN_OBJC_LITERAL_CONVERSION = YES;
				CLANG_WARN_OBJC_ROOT_CLASS = YES_ERROR;
				CLANG_WARN_RANGE_LOOP_ANALYSIS = YES;
				CLANG_WARN_STRICT_PROTOTYPES = YES;
				CLANG_WARN_SUSPICIOUS_MOVE = YES;
				CLANG_WARN_UNGUARDED_AVAILABILITY = YES_AGGRESSIVE;
				CLANG_WARN_UNREACHABLE_CODE = YES;
				CLANG_WARN__DUPLICATE_METHOD_MATCH = YES;
				COPY_PHASE_STRIP = NO;
				DEBUG_INFORMATION_FORMAT = dwarf;
				ENABLE_STRICT_OBJC_MSGSEND = YES;
				ENABLE_TESTABILITY = YES;
				GCC_C_LANGUAGE_STANDARD = gnu11;
				GCC_DYNAMIC_NO_PIC = NO;
				GCC_NO_COMMON_BLOCKS = YES;
				GCC_OPTIMIZATION_LEVEL = 0;
				GCC_PREPROCESSOR_DEFINITIONS = (
					"DEBUG=1",
					"$(inherited)",
				);
				GCC_WARN_64_TO_32_BIT_CONVERSION = YES;
				GCC_WARN_ABOUT_RETURN_TYPE = YES_ERROR;
				GCC_WARN_UNDECLARED_SELECTOR = YES;
				GCC_WARN_UNINITIALIZED_AUTOS = YES_AGGRESSIVE;
				GCC_WARN_UNUSED_FUNCTION = YES;
				GCC_WARN_UNUSED_VARIABLE = YES;
				IPHONEOS_DEPLOYMENT_TARGET = 13.4;
				MTL_ENABLE_DEBUG_INFO = INCLUDE_SOURCE;
				MTL_FAST_MATH = YES;
				ONLY_ACTIVE_ARCH = YES;
				SDKROOT = iphoneos;
				SWIFT_ACTIVE_COMPILATION_CONDITIONS = DEBUG;
				SWIFT_OPTIMIZATION_LEVEL = "-Onone";
			};
			name = Debug;
		};
		6A7968632430DAC50066CE57 /* Release */ = {
			isa = XCBuildConfiguration;
			buildSettings = {
				ALWAYS_SEARCH_USER_PATHS = NO;
				CLANG_ANALYZER_NONNULL = YES;
				CLANG_ANALYZER_NUMBER_OBJECT_CONVERSION = YES_AGGRESSIVE;
				CLANG_CXX_LANGUAGE_STANDARD = "gnu++14";
				CLANG_CXX_LIBRARY = "libc++";
				CLANG_ENABLE_MODULES = YES;
				CLANG_ENABLE_OBJC_ARC = YES;
				CLANG_ENABLE_OBJC_WEAK = YES;
				CLANG_WARN_BLOCK_CAPTURE_AUTORELEASING = YES;
				CLANG_WARN_BOOL_CONVERSION = YES;
				CLANG_WARN_COMMA = YES;
				CLANG_WARN_CONSTANT_CONVERSION = YES;
				CLANG_WARN_DEPRECATED_OBJC_IMPLEMENTATIONS = YES;
				CLANG_WARN_DIRECT_OBJC_ISA_USAGE = YES_ERROR;
				CLANG_WARN_DOCUMENTATION_COMMENTS = YES;
				CLANG_WARN_EMPTY_BODY = YES;
				CLANG_WARN_ENUM_CONVERSION = YES;
				CLANG_WARN_INFINITE_RECURSION = YES;
				CLANG_WARN_INT_CONVERSION = YES;
				CLANG_WARN_NON_LITERAL_NULL_CONVERSION = YES;
				CLANG_WARN_OBJC_IMPLICIT_RETAIN_SELF = YES;
				CLANG_WARN_OBJC_LITERAL_CONVERSION = YES;
				CLANG_WARN_OBJC_ROOT_CLASS = YES_ERROR;
				CLANG_WARN_RANGE_LOOP_ANALYSIS = YES;
				CLANG_WARN_STRICT_PROTOTYPES = YES;
				CLANG_WARN_SUSPICIOUS_MOVE = YES;
				CLANG_WARN_UNGUARDED_AVAILABILITY = YES_AGGRESSIVE;
				CLANG_WARN_UNREACHABLE_CODE = YES;
				CLANG_WARN__DUPLICATE_METHOD_MATCH = YES;
				COPY_PHASE_STRIP = NO;
				DEBUG_INFORMATION_FORMAT = "dwarf-with-dsym";
				ENABLE_NS_ASSERTIONS = NO;
				ENABLE_STRICT_OBJC_MSGSEND = YES;
				GCC_C_LANGUAGE_STANDARD = gnu11;
				GCC_NO_COMMON_BLOCKS = YES;
				GCC_WARN_64_TO_32_BIT_CONVERSION = YES;
				GCC_WARN_ABOUT_RETURN_TYPE = YES_ERROR;
				GCC_WARN_UNDECLARED_SELECTOR = YES;
				GCC_WARN_UNINITIALIZED_AUTOS = YES_AGGRESSIVE;
				GCC_WARN_UNUSED_FUNCTION = YES;
				GCC_WARN_UNUSED_VARIABLE = YES;
				IPHONEOS_DEPLOYMENT_TARGET = 13.4;
				MTL_ENABLE_DEBUG_INFO = NO;
				MTL_FAST_MATH = YES;
				SDKROOT = iphoneos;
				SWIFT_COMPILATION_MODE = wholemodule;
				SWIFT_OPTIMIZATION_LEVEL = "-O";
				VALIDATE_PRODUCT = YES;
			};
			name = Release;
		};
		6A7968652430DAC50066CE57 /* Debug */ = {
			isa = XCBuildConfiguration;
			baseConfigurationReference = 73A14ACCBB02AB4D1CD1454D /* Pods-UberApp.debug.xcconfig */;
			buildSettings = {
				ASSETCATALOG_COMPILER_APPICON_NAME = AppIcon;
				CODE_SIGN_IDENTITY = "Apple Development";
				CODE_SIGN_STYLE = Automatic;
				DEVELOPMENT_TEAM = UVBYV5QPRW;
				INFOPLIST_FILE = UberApp/Info.plist;
				IPHONEOS_DEPLOYMENT_TARGET = 11.0;
				LD_RUNPATH_SEARCH_PATHS = (
					"$(inherited)",
					"@executable_path/Frameworks",
				);
				PRODUCT_BUNDLE_IDENTIFIER = com.demo.UberApp;
				PRODUCT_NAME = "$(TARGET_NAME)";
				PROVISIONING_PROFILE_SPECIFIER = "";
				SWIFT_VERSION = 5.0;
				TARGETED_DEVICE_FAMILY = "1,2";
			};
			name = Debug;
		};
		6A7968662430DAC50066CE57 /* Release */ = {
			isa = XCBuildConfiguration;
			baseConfigurationReference = 8DC960F887539589AA75A105 /* Pods-UberApp.release.xcconfig */;
			buildSettings = {
				ASSETCATALOG_COMPILER_APPICON_NAME = AppIcon;
				CODE_SIGN_IDENTITY = "Apple Development";
				CODE_SIGN_STYLE = Automatic;
				DEVELOPMENT_TEAM = UVBYV5QPRW;
				INFOPLIST_FILE = UberApp/Info.plist;
				IPHONEOS_DEPLOYMENT_TARGET = 11.0;
				LD_RUNPATH_SEARCH_PATHS = (
					"$(inherited)",
					"@executable_path/Frameworks",
				);
				PRODUCT_BUNDLE_IDENTIFIER = com.demo.UberApp;
				PRODUCT_NAME = "$(TARGET_NAME)";
				PROVISIONING_PROFILE_SPECIFIER = "";
				SWIFT_VERSION = 5.0;
				TARGETED_DEVICE_FAMILY = "1,2";
			};
			name = Release;
		};
/* End XCBuildConfiguration section */

/* Begin XCConfigurationList section */
		6A79684B2430DAC00066CE57 /* Build configuration list for PBXProject "UberApp" */ = {
			isa = XCConfigurationList;
			buildConfigurations = (
				6A7968622430DAC50066CE57 /* Debug */,
				6A7968632430DAC50066CE57 /* Release */,
			);
			defaultConfigurationIsVisible = 0;
			defaultConfigurationName = Release;
		};
		6A7968642430DAC50066CE57 /* Build configuration list for PBXNativeTarget "UberApp" */ = {
			isa = XCConfigurationList;
			buildConfigurations = (
				6A7968652430DAC50066CE57 /* Debug */,
				6A7968662430DAC50066CE57 /* Release */,
			);
			defaultConfigurationIsVisible = 0;
			defaultConfigurationName = Release;
		};
/* End XCConfigurationList section */
	};
	rootObject = 6A7968482430DAC00066CE57 /* Project object */;
}
